
Microsoft Visual Studio Solution File, Format Version 12.00
# Visual Studio Version 16
VisualStudioVersion = 16.0.30114.105
MinimumVisualStudioVersion = 10.0.40219.1
Project("{FAE04EC0-301F-11D3-BF4B-00C04F79EFBC}") = "BFG.Application", "BFG.Application\BFG.Application.csproj", "{BF60432E-E212-4677-B5D3-1A05F5DEF538}"
EndProject
Project("{FAE04EC0-301F-11D3-BF4B-00C04F79EFBC}") = "BFG.Infrastructure", "BFG.Infrastructure\BFG.Infrastructure.csproj", "{DE0B347B-06FC-4D14-B543-B1D607F5DD8C}"
EndProject
Project("{FAE04EC0-301F-11D3-BF4B-00C04F79EFBC}") = "BFG.API", "BFG.Api\BFG.API.csproj", "{49344E09-B871-494C-B8AB-2654895C7576}"
EndProject
Project("{FAE04EC0-301F-11D3-BF4B-00C04F79EFBC}") = "BFG.Repository", "BFG.Repository\BFG.Repository.csproj", "{598F919D-4FD6-4150-A3DC-1B3A0263E81C}"
EndProject
Project("{FAE04EC0-301F-11D3-BF4B-00C04F79EFBC}") = "BFG.Shared", "BFG.Shared\BFG.Shared.csproj", "{084C4FCE-C458-469F-95F2-B3AC1E81D4F3}"
EndProject
Project("{FAE04EC0-301F-11D3-BF4B-00C04F79EFBC}") = "BFG.Domain", "BFG.Domain\Domain.csproj", "{C5381A1A-D193-4181-9236-7305A0E48F6E}"
EndProject
Global
	GlobalSection(SolutionConfigurationPlatforms) = preSolution
		Debug|Any CPU = Debug|Any CPU
		Release|Any CPU = Release|Any CPU
	EndGlobalSection
	GlobalSection(SolutionProperties) = preSolution
		HideSolutionNode = FALSE
	EndGlobalSection
	GlobalSection(ProjectConfigurationPlatforms) = postSolution
		{53C65360-70F0-4C80-9A2C-9378E0A92EE9}.Debug|Any CPU.ActiveCfg = Debug|Any CPU
		{53C65360-70F0-4C80-9A2C-9378E0A92EE9}.Debug|Any CPU.Build.0 = Debug|Any CPU
		{53C65360-70F0-4C80-9A2C-9378E0A92EE9}.Release|Any CPU.ActiveCfg = Release|Any CPU
		{53C65360-70F0-4C80-9A2C-9378E0A92EE9}.Release|Any CPU.Build.0 = Release|Any CPU
		{BF60432E-E212-4677-B5D3-1A05F5DEF538}.Debug|Any CPU.ActiveCfg = Debug|Any CPU
		{BF60432E-E212-4677-B5D3-1A05F5DEF538}.Debug|Any CPU.Build.0 = Debug|Any CPU
		{BF60432E-E212-4677-B5D3-1A05F5DEF538}.Release|Any CPU.ActiveCfg = Release|Any CPU
		{BF60432E-E212-4677-B5D3-1A05F5DEF538}.Release|Any CPU.Build.0 = Release|Any CPU
		{DE0B347B-06FC-4D14-B543-B1D607F5DD8C}.Debug|Any CPU.ActiveCfg = Debug|Any CPU
		{DE0B347B-06FC-4D14-B543-B1D607F5DD8C}.Debug|Any CPU.Build.0 = Debug|Any CPU
		{DE0B347B-06FC-4D14-B543-B1D607F5DD8C}.Release|Any CPU.ActiveCfg = Release|Any CPU
		{DE0B347B-06FC-4D14-B543-B1D607F5DD8C}.Release|Any CPU.Build.0 = Release|Any CPU
		{49344E09-B871-494C-B8AB-2654895C7576}.Debug|Any CPU.ActiveCfg = Debug|Any CPU
		{49344E09-B871-494C-B8AB-2654895C7576}.Debug|Any CPU.Build.0 = Debug|Any CPU
		{49344E09-B871-494C-B8AB-2654895C7576}.Release|Any CPU.ActiveCfg = Release|Any CPU
		{49344E09-B871-494C-B8AB-2654895C7576}.Release|Any CPU.Build.0 = Release|Any CPU
		{598F919D-4FD6-4150-A3DC-1B3A0263E81C}.Debug|Any CPU.ActiveCfg = Debug|Any CPU
		{598F919D-4FD6-4150-A3DC-1B3A0263E81C}.Debug|Any CPU.Build.0 = Debug|Any CPU
		{598F919D-4FD6-4150-A3DC-1B3A0263E81C}.Release|Any CPU.ActiveCfg = Release|Any CPU
		{598F919D-4FD6-4150-A3DC-1B3A0263E81C}.Release|Any CPU.Build.0 = Release|Any CPU
		{084C4FCE-C458-469F-95F2-B3AC1E81D4F3}.Debug|Any CPU.ActiveCfg = Debug|Any CPU
		{084C4FCE-C458-469F-95F2-B3AC1E81D4F3}.Debug|Any CPU.Build.0 = Debug|Any CPU
		{084C4FCE-C458-469F-95F2-B3AC1E81D4F3}.Release|Any CPU.ActiveCfg = Release|Any CPU
		{084C4FCE-C458-469F-95F2-B3AC1E81D4F3}.Release|Any CPU.Build.0 = Release|Any CPU
		{C5381A1A-D193-4181-9236-7305A0E48F6E}.Debug|Any CPU.ActiveCfg = Debug|Any CPU
		{C5381A1A-D193-4181-9236-7305A0E48F6E}.Debug|Any CPU.Build.0 = Debug|Any CPU
		{C5381A1A-D193-4181-9236-7305A0E48F6E}.Release|Any CPU.ActiveCfg = Release|Any CPU
		{C5381A1A-D193-4181-9236-7305A0E48F6E}.Release|Any CPU.Build.0 = Release|Any CPU
	EndGlobalSection
EndGlobal
